
Microsoft Visual Studio Solution File, Format Version 12.00
# Visual Studio Version 17
VisualStudioVersion = 17.9.34622.214
MinimumVisualStudioVersion = 10.0.40219.1
Project("{FAE04EC0-301F-11D3-BF4B-00C04F79EFBC}") = "Courier Tracking and Delivery System", "Courier Tracking and Delivery System.csproj", "{5D319D67-3321-4685-8911-1082FA0E8472}"
EndProject
Global
	GlobalSection(SolutionConfigurationPlatforms) = preSolution
		Debug|Any CPU = Debug|Any CPU
		Release|Any CPU = Release|Any CPU
	EndGlobalSection
	GlobalSection(ProjectConfigurationPlatforms) = postSolution
		{5D319D67-3321-4685-8911-1082FA0E8472}.Debug|Any CPU.ActiveCfg = Debug|Any CPU
		{5D319D67-3321-4685-8911-1082FA0E8472}.Debug|Any CPU.Build.0 = Debug|Any CPU
		{5D319D67-3321-4685-8911-1082FA0E8472}.Release|Any CPU.ActiveCfg = Release|Any CPU
		{5D319D67-3321-4685-8911-1082FA0E8472}.Release|Any CPU.Build.0 = Release|Any CPU
	EndGlobalSection
	GlobalSection(SolutionProperties) = preSolution
		HideSolutionNode = FALSE
	EndGlobalSection
	GlobalSection(ExtensibilityGlobals) = postSolution
		SolutionGuid = {0DD3FBF4-C539-404A-8146-296E6C71EA04}
	EndGlobalSection
EndGlobal
